
Microsoft Visual Studio Solution File, Format Version 12.00
# Visual Studio Version 17
VisualStudioVersion = 17.14.36414.22
MinimumVisualStudioVersion = 10.0.40219.1
Project("{2150E333-8FDC-42A3-9474-1A3956D46DE8}") = "src", "src", "{02EA681E-C7D8-13C7-8484-4AC65E1B71E8}"
EndProject
Project("{2150E333-8FDC-42A3-9474-1A3956D46DE8}") = "tests", "tests", "{A53011D6-1C80-42B3-A1F3-97E45952D0D4}"
EndProject
Project("{2150E333-8FDC-42A3-9474-1A3956D46DE8}") = "Shared", "Shared", "{7BFBE898-A26C-4D2A-97B0-6674EF0E51DA}"
EndProject
Project("{2150E333-8FDC-42A3-9474-1A3956D46DE8}") = "Modules", "Modules", "{D1AD1B52-F75F-45A1-9F3D-747C3249AA82}"
EndProject
Project("{2150E333-8FDC-42A3-9474-1A3956D46DE8}") = "Presentation", "Presentation", "{15CFF1C6-479A-4DC2-A102-D7BAE6E30E47}"
EndProject
Project("{FAE04EC0-301F-11D3-BF4B-00C04F79EFBC}") = "WorkManager.Core", "src\Shared\WorkManager.Core\WorkManager.Core.csproj", "{D69E7370-DDFA-E688-9F8B-B7DCF871920B}"
EndProject
Project("{FAE04EC0-301F-11D3-BF4B-00C04F79EFBC}") = "WorkManager.Infrastructure", "src\Shared\WorkManager.Infrastructure\WorkManager.Infrastructure.csproj", "{8C18E939-D658-CC8C-D879-B77D2AD9A7BC}"
EndProject
Project("{FAE04EC0-301F-11D3-BF4B-00C04F79EFBC}") = "TodoManagement.Tests", "tests\TodoManagement.Tests\TodoManagement.Tests.csproj", "{09AFAD98-8F9F-48C0-9FCC-8019B9FADA97}"
EndProject
Project("{2150E333-8FDC-42A3-9474-1A3956D46DE8}") = "TodoManagement", "TodoManagement", "{0AC36DD5-A744-4865-B293-93F5B90C5BC6}"
EndProject
Project("{FAE04EC0-301F-11D3-BF4B-00C04F79EFBC}") = "TodoManagement.Core", "src\Modules\TodoManagement\TodoManagement.Core\TodoManagement.Core.csproj", "{8D659652-F486-4DAC-ADDF-8E3F331F1E2D}"
EndProject
Project("{2150E333-8FDC-42A3-9474-1A3956D46DE8}") = "WPF", "WPF", "{680E4836-CE2E-4DE3-A7AD-423881A3F8B5}"
EndProject
Project("{FAE04EC0-301F-11D3-BF4B-00C04F79EFBC}") = "TodoManagement.Application", "src\Modules\TodoManagement\TodoManagement.Application\TodoManagement.Application.csproj", "{B7282998-A722-49C9-B49B-DFEFAAB6EE13}"
EndProject
Project("{FAE04EC0-301F-11D3-BF4B-00C04F79EFBC}") = "TodoManagement.Infrastructure", "src\Modules\TodoManagement\TodoManagement.Infrastructure\TodoManagement.Infrastructure.csproj", "{7E0E343B-BD7E-4503-BE44-DF19C22BD735}"
EndProject
Project("{FAE04EC0-301F-11D3-BF4B-00C04F79EFBC}") = "TodoManagement.Contracts", "src\Modules\TodoManagement\TodoManagement.Contracts\TodoManagement.Contracts.csproj", "{D52BFB09-AEA3-4258-BADA-16D970014793}"
EndProject
Project("{FAE04EC0-301F-11D3-BF4B-00C04F79EFBC}") = "WorkManager.Contracts", "src\Shared\WorkManager.Contracts\WorkManager.Contracts.csproj", "{992F7C95-BFC2-4DA6-9A01-0FC4BEEC0538}"
EndProject
Project("{FAE04EC0-301F-11D3-BF4B-00C04F79EFBC}") = "WorkManager.WPF", "src\Presentation\WPF\WorkManager.WPF\WorkManager.WPF.csproj", "{D88A46D0-55C5-464B-8F25-7B52E9996034}"
EndProject
Project("{FAE04EC0-301F-11D3-BF4B-00C04F79EFBC}") = "WorkManager.TestHelpers", "tests\WorkManager.TestHelpers\WorkManager.TestHelpers.csproj", "{F443EE36-5376-4A5F-9308-C344FA05981A}"
EndProject
Project("{2150E333-8FDC-42A3-9474-1A3956D46DE8}") = "Calendar", "Calendar", "{1E3501CF-9C0F-4C0A-8608-79DF9D769189}"
EndProject
Project("{FAE04EC0-301F-11D3-BF4B-00C04F79EFBC}") = "Calendar.Application", "src\Modules\Calendar\Calendar.Application\Calendar.Application.csproj", "{B6E89E5D-4FA6-4916-8D01-759ACD5CFC02}"
EndProject
Project("{FAE04EC0-301F-11D3-BF4B-00C04F79EFBC}") = "Calendar.Core", "src\Modules\Calendar\Calendar.Core\Calendar.Core.csproj", "{8CF760DF-0325-462C-AE67-309EF3DBD759}"
EndProject
Project("{FAE04EC0-301F-11D3-BF4B-00C04F79EFBC}") = "Calendar.Infrastructure", "src\Modules\Calendar\Calendar.Infrastructure\Calendar.Infrastructure.csproj", "{CEFD5F70-3B46-4CAE-A897-5AA9F3857B1B}"
EndProject
Project("{FAE04EC0-301F-11D3-BF4B-00C04F79EFBC}") = "Calendar.Tests", "tests\Calendar.Tests\Calendar.Tests.csproj", "{42D4BE3B-948B-42D0-994A-DDEB4890E0E8}"
EndProject
Global
	GlobalSection(SolutionConfigurationPlatforms) = preSolution
		Debug|Any CPU = Debug|Any CPU
		Release|Any CPU = Release|Any CPU
	EndGlobalSection
	GlobalSection(ProjectConfigurationPlatforms) = postSolution
		{D69E7370-DDFA-E688-9F8B-B7DCF871920B}.Debug|Any CPU.ActiveCfg = Debug|Any CPU
		{D69E7370-DDFA-E688-9F8B-B7DCF871920B}.Debug|Any CPU.Build.0 = Debug|Any CPU
		{D69E7370-DDFA-E688-9F8B-B7DCF871920B}.Release|Any CPU.ActiveCfg = Release|Any CPU
		{D69E7370-DDFA-E688-9F8B-B7DCF871920B}.Release|Any CPU.Build.0 = Release|Any CPU
		{8C18E939-D658-CC8C-D879-B77D2AD9A7BC}.Debug|Any CPU.ActiveCfg = Debug|Any CPU
		{8C18E939-D658-CC8C-D879-B77D2AD9A7BC}.Debug|Any CPU.Build.0 = Debug|Any CPU
		{8C18E939-D658-CC8C-D879-B77D2AD9A7BC}.Release|Any CPU.ActiveCfg = Release|Any CPU
		{8C18E939-D658-CC8C-D879-B77D2AD9A7BC}.Release|Any CPU.Build.0 = Release|Any CPU
		{09AFAD98-8F9F-48C0-9FCC-8019B9FADA97}.Debug|Any CPU.ActiveCfg = Debug|Any CPU
		{09AFAD98-8F9F-48C0-9FCC-8019B9FADA97}.Debug|Any CPU.Build.0 = Debug|Any CPU
		{09AFAD98-8F9F-48C0-9FCC-8019B9FADA97}.Release|Any CPU.ActiveCfg = Release|Any CPU
		{09AFAD98-8F9F-48C0-9FCC-8019B9FADA97}.Release|Any CPU.Build.0 = Release|Any CPU
		{8D659652-F486-4DAC-ADDF-8E3F331F1E2D}.Debug|Any CPU.ActiveCfg = Debug|Any CPU
		{8D659652-F486-4DAC-ADDF-8E3F331F1E2D}.Debug|Any CPU.Build.0 = Debug|Any CPU
		{8D659652-F486-4DAC-ADDF-8E3F331F1E2D}.Release|Any CPU.ActiveCfg = Release|Any CPU
		{8D659652-F486-4DAC-ADDF-8E3F331F1E2D}.Release|Any CPU.Build.0 = Release|Any CPU
		{B7282998-A722-49C9-B49B-DFEFAAB6EE13}.Debug|Any CPU.ActiveCfg = Debug|Any CPU
		{B7282998-A722-49C9-B49B-DFEFAAB6EE13}.Debug|Any CPU.Build.0 = Debug|Any CPU
		{B7282998-A722-49C9-B49B-DFEFAAB6EE13}.Release|Any CPU.ActiveCfg = Release|Any CPU
		{B7282998-A722-49C9-B49B-DFEFAAB6EE13}.Release|Any CPU.Build.0 = Release|Any CPU
		{7E0E343B-BD7E-4503-BE44-DF19C22BD735}.Debug|Any CPU.ActiveCfg = Debug|Any CPU
		{7E0E343B-BD7E-4503-BE44-DF19C22BD735}.Debug|Any CPU.Build.0 = Debug|Any CPU
		{7E0E343B-BD7E-4503-BE44-DF19C22BD735}.Release|Any CPU.ActiveCfg = Release|Any CPU
		{7E0E343B-BD7E-4503-BE44-DF19C22BD735}.Release|Any CPU.Build.0 = Release|Any CPU
		{D52BFB09-AEA3-4258-BADA-16D970014793}.Debug|Any CPU.ActiveCfg = Debug|Any CPU
		{D52BFB09-AEA3-4258-BADA-16D970014793}.Debug|Any CPU.Build.0 = Debug|Any CPU
		{D52BFB09-AEA3-4258-BADA-16D970014793}.Release|Any CPU.ActiveCfg = Release|Any CPU
		{D52BFB09-AEA3-4258-BADA-16D970014793}.Release|Any CPU.Build.0 = Release|Any CPU
		{992F7C95-BFC2-4DA6-9A01-0FC4BEEC0538}.Debug|Any CPU.ActiveCfg = Debug|Any CPU
		{992F7C95-BFC2-4DA6-9A01-0FC4BEEC0538}.Debug|Any CPU.Build.0 = Debug|Any CPU
		{992F7C95-BFC2-4DA6-9A01-0FC4BEEC0538}.Release|Any CPU.ActiveCfg = Release|Any CPU
		{992F7C95-BFC2-4DA6-9A01-0FC4BEEC0538}.Release|Any CPU.Build.0 = Release|Any CPU
		{D88A46D0-55C5-464B-8F25-7B52E9996034}.Debug|Any CPU.ActiveCfg = Debug|Any CPU
		{D88A46D0-55C5-464B-8F25-7B52E9996034}.Debug|Any CPU.Build.0 = Debug|Any CPU
		{D88A46D0-55C5-464B-8F25-7B52E9996034}.Release|Any CPU.ActiveCfg = Release|Any CPU
		{D88A46D0-55C5-464B-8F25-7B52E9996034}.Release|Any CPU.Build.0 = Release|Any CPU
		{F443EE36-5376-4A5F-9308-C344FA05981A}.Debug|Any CPU.ActiveCfg = Debug|Any CPU
		{F443EE36-5376-4A5F-9308-C344FA05981A}.Debug|Any CPU.Build.0 = Debug|Any CPU
		{F443EE36-5376-4A5F-9308-C344FA05981A}.Release|Any CPU.ActiveCfg = Release|Any CPU
		{F443EE36-5376-4A5F-9308-C344FA05981A}.Release|Any CPU.Build.0 = Release|Any CPU
		{B6E89E5D-4FA6-4916-8D01-759ACD5CFC02}.Debug|Any CPU.ActiveCfg = Debug|Any CPU
		{B6E89E5D-4FA6-4916-8D01-759ACD5CFC02}.Debug|Any CPU.Build.0 = Debug|Any CPU
		{B6E89E5D-4FA6-4916-8D01-759ACD5CFC02}.Release|Any CPU.ActiveCfg = Release|Any CPU
		{B6E89E5D-4FA6-4916-8D01-759ACD5CFC02}.Release|Any CPU.Build.0 = Release|Any CPU
		{8CF760DF-0325-462C-AE67-309EF3DBD759}.Debug|Any CPU.ActiveCfg = Debug|Any CPU
		{8CF760DF-0325-462C-AE67-309EF3DBD759}.Debug|Any CPU.Build.0 = Debug|Any CPU
		{8CF760DF-0325-462C-AE67-309EF3DBD759}.Release|Any CPU.ActiveCfg = Release|Any CPU
		{8CF760DF-0325-462C-AE67-309EF3DBD759}.Release|Any CPU.Build.0 = Release|Any CPU
		{CEFD5F70-3B46-4CAE-A897-5AA9F3857B1B}.Debug|Any CPU.ActiveCfg = Debug|Any CPU
		{CEFD5F70-3B46-4CAE-A897-5AA9F3857B1B}.Debug|Any CPU.Build.0 = Debug|Any CPU
		{CEFD5F70-3B46-4CAE-A897-5AA9F3857B1B}.Release|Any CPU.ActiveCfg = Release|Any CPU
		{CEFD5F70-3B46-4CAE-A897-5AA9F3857B1B}.Release|Any CPU.Build.0 = Release|Any CPU
		{42D4BE3B-948B-42D0-994A-DDEB4890E0E8}.Debug|Any CPU.ActiveCfg = Debug|Any CPU
		{42D4BE3B-948B-42D0-994A-DDEB4890E0E8}.Debug|Any CPU.Build.0 = Debug|Any CPU
		{42D4BE3B-948B-42D0-994A-DDEB4890E0E8}.Release|Any CPU.ActiveCfg = Release|Any CPU
		{42D4BE3B-948B-42D0-994A-DDEB4890E0E8}.Release|Any CPU.Build.0 = Release|Any CPU
	EndGlobalSection
	GlobalSection(SolutionProperties) = preSolution
		HideSolutionNode = FALSE
	EndGlobalSection
	GlobalSection(NestedProjects) = preSolution
		{7BFBE898-A26C-4D2A-97B0-6674EF0E51DA} = {02EA681E-C7D8-13C7-8484-4AC65E1B71E8}
		{D1AD1B52-F75F-45A1-9F3D-747C3249AA82} = {02EA681E-C7D8-13C7-8484-4AC65E1B71E8}
		{15CFF1C6-479A-4DC2-A102-D7BAE6E30E47} = {02EA681E-C7D8-13C7-8484-4AC65E1B71E8}
		{D69E7370-DDFA-E688-9F8B-B7DCF871920B} = {7BFBE898-A26C-4D2A-97B0-6674EF0E51DA}
		{8C18E939-D658-CC8C-D879-B77D2AD9A7BC} = {7BFBE898-A26C-4D2A-97B0-6674EF0E51DA}
		{09AFAD98-8F9F-48C0-9FCC-8019B9FADA97} = {A53011D6-1C80-42B3-A1F3-97E45952D0D4}
		{0AC36DD5-A744-4865-B293-93F5B90C5BC6} = {D1AD1B52-F75F-45A1-9F3D-747C3249AA82}
		{8D659652-F486-4DAC-ADDF-8E3F331F1E2D} = {0AC36DD5-A744-4865-B293-93F5B90C5BC6}
		{680E4836-CE2E-4DE3-A7AD-423881A3F8B5} = {15CFF1C6-479A-4DC2-A102-D7BAE6E30E47}
		{B7282998-A722-49C9-B49B-DFEFAAB6EE13} = {0AC36DD5-A744-4865-B293-93F5B90C5BC6}
		{7E0E343B-BD7E-4503-BE44-DF19C22BD735} = {0AC36DD5-A744-4865-B293-93F5B90C5BC6}
		{D52BFB09-AEA3-4258-BADA-16D970014793} = {0AC36DD5-A744-4865-B293-93F5B90C5BC6}
		{992F7C95-BFC2-4DA6-9A01-0FC4BEEC0538} = {7BFBE898-A26C-4D2A-97B0-6674EF0E51DA}
		{D88A46D0-55C5-464B-8F25-7B52E9996034} = {680E4836-CE2E-4DE3-A7AD-423881A3F8B5}
		{F443EE36-5376-4A5F-9308-C344FA05981A} = {A53011D6-1C80-42B3-A1F3-97E45952D0D4}
		{1E3501CF-9C0F-4C0A-8608-79DF9D769189} = {D1AD1B52-F75F-45A1-9F3D-747C3249AA82}
		{B6E89E5D-4FA6-4916-8D01-759ACD5CFC02} = {1E3501CF-9C0F-4C0A-8608-79DF9D769189}
		{8CF760DF-0325-462C-AE67-309EF3DBD759} = {1E3501CF-9C0F-4C0A-8608-79DF9D769189}
		{CEFD5F70-3B46-4CAE-A897-5AA9F3857B1B} = {1E3501CF-9C0F-4C0A-8608-79DF9D769189}
		{42D4BE3B-948B-42D0-994A-DDEB4890E0E8} = {A53011D6-1C80-42B3-A1F3-97E45952D0D4}
	EndGlobalSection
	GlobalSection(ExtensibilityGlobals) = postSolution
		SolutionGuid = {E27CFBBC-08FA-4D32-9E7A-7E05B6132121}
	EndGlobalSection
EndGlobal
